<?xml version="1.0" encoding="utf-8"?>
<Project ToolsVersion="4.0" xmlns="http://schemas.microsoft.com/developer/msbuild/2003">
  <ItemGroup>
    <Filter Include="Source Files">
      <UniqueIdentifier>{4FC737F1-C7A5-4376-A066-2A32D752A2FF}</UniqueIdentifier>
      <Extensions>cpp;c;cc;cxx;def;odl;idl;hpj;bat;asm;asmx</Extensions>
    </Filter>
    <Filter Include="Header Files">
      <UniqueIdentifier>{93995380-89BD-4b04-88EB-625FBE52EBFB}</UniqueIdentifier>
      <Extensions>h;hh;hpp;hxx;hm;inl;inc;xsd</Extensions>
    </Filter>
    <Filter Include="Resource Files">
      <UniqueIdentifier>{67DA6AB6-F800-4c08-8B7A-83BB121AAD01}</UniqueIdentifier>
      <Extensions>rc;ico;cur;bmp;dlg;rc2;rct;bin;rgs;gif;jpg;jpeg;jpe;resx;tiff;tif;png;wav;mfcribbon-ms</Extensions>
    </Filter>
  </ItemGroup>
  <ItemGroup>
    <Text Include="ReadMe.txt" />
  </ItemGroup>
  <ItemGroup>
    <ClInclude Include="stdafx.h">
      <Filter>Header Files</Filter>
    </ClInclude>
    <ClInclude Include="sg2.h">
      <Filter>Header Files</Filter>
    </ClInclude>
    <ClInclude Include="sg2_date.h">
      <Filter>Header Files</Filter>
    </ClInclude>
    <ClInclude Include="sg2_err.h">
      <Filter>Header Files</Filter>
    </ClInclude>
    <ClInclude Include="sg2_heliocentric.h">
      <Filter>Header Files</Filter>
    </ClInclude>
    <ClInclude Include="sg2_precomputed_delta_tt.h">
      <Filter>Header Files</Filter>
    </ClInclude>
    <ClInclude Include="sg2_precomputed_heliocentric.h">
      <Filter>Header Files</Filter>
    </ClInclude>
    <ClInclude Include="sg2_precomputed_geocentric.h">
      <Filter>Header Files</Filter>
    </ClInclude>
    <ClInclude Include="sg2_topocentric.h">
      <Filter>Header Files</Filter>
    </ClInclude>
    <ClInclude Include="sg2_typedef.h">
      <Filter>Header Files</Filter>
    </ClInclude>
    <ClInclude Include="sg2_geocentric.h">
      <Filter>Header Files</Filter>
    </ClInclude>
  </ItemGroup>
  <ItemGroup>
    <ClCompile Include="stdafx.cpp">
      <Filter>Source Files</Filter>
    </ClCompile>
    <ClCompile Include="Sg2Project.cpp">
      <Filter>Source Files</Filter>
    </ClCompile>
    <ClCompile Include="sg2.c">
      <Filter>Source Files</Filter>
    </ClCompile>
    <ClCompile Include="sg2_date.c">
      <Filter>Source Files</Filter>
    </ClCompile>
    <ClCompile Include="sg2_geocentric.c">
      <Filter>Source Files</Filter>
    </ClCompile>
    <ClCompile Include="sg2_heliocentric.c">
      <Filter>Source Files</Filter>
    </ClCompile>
    <ClCompile Include="sg2_topocentric.c">
      <Filter>Source Files</Filter>
    </ClCompile>
    <ClCompile Include="ams1.c">
      <Filter>Source Files</Filter>
    </ClCompile>
  </ItemGroup>
</Project>